
Microsoft Visual Studio Solution File, Format Version 12.00
Project("{FAE04EC0-301F-11D3-BF4B-00C04F79EFBC}") = "aoc2024.7", "aoc2024.7.csproj", "{D5F2C901-FBE4-436C-8FA3-AC13C619846A}"
EndProject
Global
	GlobalSection(SolutionConfigurationPlatforms) = preSolution
		Debug|Any CPU = Debug|Any CPU
		Release|Any CPU = Release|Any CPU
	EndGlobalSection
	GlobalSection(ProjectConfigurationPlatforms) = postSolution
		{D5F2C901-FBE4-436C-8FA3-AC13C619846A}.Debug|Any CPU.ActiveCfg = Debug|Any CPU
		{D5F2C901-FBE4-436C-8FA3-AC13C619846A}.Debug|Any CPU.Build.0 = Debug|Any CPU
		{D5F2C901-FBE4-436C-8FA3-AC13C619846A}.Release|Any CPU.ActiveCfg = Release|Any CPU
		{D5F2C901-FBE4-436C-8FA3-AC13C619846A}.Release|Any CPU.Build.0 = Release|Any CPU
	EndGlobalSection
EndGlobal
